Microsoft Visual Studio Solution File, Format Version 12.00
# Visual Studio Version 17
VisualStudioVersion = 17.5.2.0
MinimumVisualStudioVersion = 10.0.40219.1
Project("{FAE04EC0-301F-11D3-BF4B-00C04F79EFBC}") = "01 SOAP", "01 SOAP.csproj", "{4321B363-F54C-CA4A-E1C3-68E6DF631A98}"
EndProject
Global
	GlobalSection(SolutionConfigurationPlatforms) = preSolution
		Debug|Any CPU = Debug|Any CPU
		Release|Any CPU = Release|Any CPU
	EndGlobalSection
	GlobalSection(ProjectConfigurationPlatforms) = postSolution
		{4321B363-F54C-CA4A-E1C3-68E6DF631A98}.Debug|Any CPU.ActiveCfg = Debug|Any CPU
		{4321B363-F54C-CA4A-E1C3-68E6DF631A98}.Debug|Any CPU.Build.0 = Debug|Any CPU
		{4321B363-F54C-CA4A-E1C3-68E6DF631A98}.Release|Any CPU.ActiveCfg = Release|Any CPU
		{4321B363-F54C-CA4A-E1C3-68E6DF631A98}.Release|Any CPU.Build.0 = Release|Any CPU
	EndGlobalSection
	GlobalSection(SolutionProperties) = preSolution
		HideSolutionNode = FALSE
	EndGlobalSection
	GlobalSection(ExtensibilityGlobals) = postSolution
		SolutionGuid = {ED1CB2F9-1755-4FFA-B443-D2E1E6ED6ED2}
	EndGlobalSection
EndGlobal
