Microsoft Visual Studio Solution File, Format Version 12.00
# Visual Studio Version 17
VisualStudioVersion = 17.5.2.0
MinimumVisualStudioVersion = 10.0.40219.1
Project("{FAE04EC0-301F-11D3-BF4B-00C04F79EFBC}") = "02 HTTP", "02 HTTP.csproj", "{F33EB701-39BC-0A07-061E-A997909C8C4E}"
EndProject
Global
	GlobalSection(SolutionConfigurationPlatforms) = preSolution
		Debug|Any CPU = Debug|Any CPU
		Release|Any CPU = Release|Any CPU
	EndGlobalSection
	GlobalSection(ProjectConfigurationPlatforms) = postSolution
		{F33EB701-39BC-0A07-061E-A997909C8C4E}.Debug|Any CPU.ActiveCfg = Debug|Any CPU
		{F33EB701-39BC-0A07-061E-A997909C8C4E}.Debug|Any CPU.Build.0 = Debug|Any CPU
		{F33EB701-39BC-0A07-061E-A997909C8C4E}.Release|Any CPU.ActiveCfg = Release|Any CPU
		{F33EB701-39BC-0A07-061E-A997909C8C4E}.Release|Any CPU.Build.0 = Release|Any CPU
	EndGlobalSection
	GlobalSection(SolutionProperties) = preSolution
		HideSolutionNode = FALSE
	EndGlobalSection
	GlobalSection(ExtensibilityGlobals) = postSolution
		SolutionGuid = {B261CC3A-DB0D-470F-87B1-6169ADED7394}
	EndGlobalSection
EndGlobal
