Microsoft Visual Studio Solution File, Format Version 12.00
# Visual Studio Version 17
VisualStudioVersion = 17.5.2.0
MinimumVisualStudioVersion = 10.0.40219.1
Project("{FAE04EC0-301F-11D3-BF4B-00C04F79EFBC}") = "02 REST", "02 REST.csproj", "{EB545D5C-3C3B-D502-1485-AFF5D8C99674}"
EndProject
Global
	GlobalSection(SolutionConfigurationPlatforms) = preSolution
		Debug|Any CPU = Debug|Any CPU
		Release|Any CPU = Release|Any CPU
	EndGlobalSection
	GlobalSection(ProjectConfigurationPlatforms) = postSolution
		{EB545D5C-3C3B-D502-1485-AFF5D8C99674}.Debug|Any CPU.ActiveCfg = Debug|Any CPU
		{EB545D5C-3C3B-D502-1485-AFF5D8C99674}.Debug|Any CPU.Build.0 = Debug|Any CPU
		{EB545D5C-3C3B-D502-1485-AFF5D8C99674}.Release|Any CPU.ActiveCfg = Release|Any CPU
		{EB545D5C-3C3B-D502-1485-AFF5D8C99674}.Release|Any CPU.Build.0 = Release|Any CPU
	EndGlobalSection
	GlobalSection(SolutionProperties) = preSolution
		HideSolutionNode = FALSE
	EndGlobalSection
	GlobalSection(ExtensibilityGlobals) = postSolution
		SolutionGuid = {C6EFA3F7-3CE2-4C4C-AE82-4B9A7D02C8A2}
	EndGlobalSection
EndGlobal
